
Microsoft Visual Studio Solution File, Format Version 11.00
# Visual Studio 2010
Project("{FAE04EC0-301F-11D3-BF4B-00C04F79EFBC}") = "Ajaxified", "Ajaxified\Ajaxified.csproj", "{C29C2363-46D8-4DF4-8DD7-D28528CC8DFB}"
EndProject
Project("{FAE04EC0-301F-11D3-BF4B-00C04F79EFBC}") = "TestApp", "TestApp\TestApp.csproj", "{C3D60AD6-6D89-46B3-9E51-6D8F5513F13C}"
EndProject
Global
	GlobalSection(SolutionConfigurationPlatforms) = preSolution
		Debug|Any CPU = Debug|Any CPU
		Release|Any CPU = Release|Any CPU
	EndGlobalSection
	GlobalSection(ProjectConfigurationPlatforms) = postSolution
		{C29C2363-46D8-4DF4-8DD7-D28528CC8DFB}.Debug|Any CPU.ActiveCfg = Debug|Any CPU
		{C29C2363-46D8-4DF4-8DD7-D28528CC8DFB}.Debug|Any CPU.Build.0 = Debug|Any CPU
		{C29C2363-46D8-4DF4-8DD7-D28528CC8DFB}.Release|Any CPU.ActiveCfg = Release|Any CPU
		{C29C2363-46D8-4DF4-8DD7-D28528CC8DFB}.Release|Any CPU.Build.0 = Release|Any CPU
		{C3D60AD6-6D89-46B3-9E51-6D8F5513F13C}.Debug|Any CPU.ActiveCfg = Debug|Any CPU
		{C3D60AD6-6D89-46B3-9E51-6D8F5513F13C}.Debug|Any CPU.Build.0 = Debug|Any CPU
		{C3D60AD6-6D89-46B3-9E51-6D8F5513F13C}.Release|Any CPU.ActiveCfg = Release|Any CPU
		{C3D60AD6-6D89-46B3-9E51-6D8F5513F13C}.Release|Any CPU.Build.0 = Release|Any CPU
	EndGlobalSection
	GlobalSection(SolutionProperties) = preSolution
		HideSolutionNode = FALSE
	EndGlobalSection
EndGlobal
